
Microsoft Visual Studio Solution File, Format Version 12.00
# Visual Studio 15
VisualStudioVersion = 15.0.26228.4
MinimumVisualStudioVersion = 10.0.40219.1
Project("{2150E333-8FDC-42A3-9474-1A3956D46DE8}") = "src", "src", "{736A6AC8-5F2B-45B2-B913-7C7A5E732B24}"
EndProject
Project("{2150E333-8FDC-42A3-9474-1A3956D46DE8}") = "test", "test", "{12282BA4-EA2A-4023-BD3E-1825B3C13F1D}"
EndProject
Project("{2150E333-8FDC-42A3-9474-1A3956D46DE8}") = "Solution Items", "Solution Items", "{42E83A4E-2E99-4A06-8D67-7987C2685496}"
	ProjectSection(SolutionItems) = preProject
		.gitignore = .gitignore
		CONTRIBUTING.md = CONTRIBUTING.md
		publish.bat = publish.bat
		publish.sh = publish.sh
		readme.md = readme.md
		SharedAssemblyVersion.cs = SharedAssemblyVersion.cs
	EndProjectSection
EndProject
Project("{9A19103F-16F7-4668-BE54-9A1E7A4F7556}") = "IDP", "src\IDP\IDP.csproj", "{D61EF72D-2842-4FE0-ACC9-1462F30DCFA9}"
EndProject
Project("{9A19103F-16F7-4668-BE54-9A1E7A4F7556}") = "IDP.Test", "test\IDP.Test\IDP.Test.csproj", "{0A283509-0DF3-4D99-84C7-AB62E180B2A1}"
EndProject
Project("{FAE04EC0-301F-11D3-BF4B-00C04F79EFBC}") = "IDP.Test.Functional", "test\IDP.Test.Functional\IDP.Test.Functional.csproj", "{688C469D-98C0-43FD-BC22-E3AA2E14367B}"
EndProject
Global
	GlobalSection(SolutionConfigurationPlatforms) = preSolution
		Debug|Any CPU = Debug|Any CPU
		Debug|x64 = Debug|x64
		Release|Any CPU = Release|Any CPU
		Release|x64 = Release|x64
	EndGlobalSection
	GlobalSection(ProjectConfigurationPlatforms) = postSolution
		{D61EF72D-2842-4FE0-ACC9-1462F30DCFA9}.Debug|Any CPU.ActiveCfg = Debug|Any CPU
		{D61EF72D-2842-4FE0-ACC9-1462F30DCFA9}.Debug|Any CPU.Build.0 = Debug|Any CPU
		{D61EF72D-2842-4FE0-ACC9-1462F30DCFA9}.Debug|x64.ActiveCfg = Debug|Any CPU
		{D61EF72D-2842-4FE0-ACC9-1462F30DCFA9}.Debug|x64.Build.0 = Debug|Any CPU
		{D61EF72D-2842-4FE0-ACC9-1462F30DCFA9}.Release|Any CPU.ActiveCfg = Release|Any CPU
		{D61EF72D-2842-4FE0-ACC9-1462F30DCFA9}.Release|Any CPU.Build.0 = Release|Any CPU
		{D61EF72D-2842-4FE0-ACC9-1462F30DCFA9}.Release|x64.ActiveCfg = Release|Any CPU
		{D61EF72D-2842-4FE0-ACC9-1462F30DCFA9}.Release|x64.Build.0 = Release|Any CPU
		{0A283509-0DF3-4D99-84C7-AB62E180B2A1}.Debug|Any CPU.ActiveCfg = Debug|Any CPU
		{0A283509-0DF3-4D99-84C7-AB62E180B2A1}.Debug|Any CPU.Build.0 = Debug|Any CPU
		{0A283509-0DF3-4D99-84C7-AB62E180B2A1}.Debug|x64.ActiveCfg = Debug|Any CPU
		{0A283509-0DF3-4D99-84C7-AB62E180B2A1}.Debug|x64.Build.0 = Debug|Any CPU
		{0A283509-0DF3-4D99-84C7-AB62E180B2A1}.Release|Any CPU.ActiveCfg = Release|Any CPU
		{0A283509-0DF3-4D99-84C7-AB62E180B2A1}.Release|Any CPU.Build.0 = Release|Any CPU
		{0A283509-0DF3-4D99-84C7-AB62E180B2A1}.Release|x64.ActiveCfg = Release|Any CPU
		{0A283509-0DF3-4D99-84C7-AB62E180B2A1}.Release|x64.Build.0 = Release|Any CPU
		{688C469D-98C0-43FD-BC22-E3AA2E14367B}.Debug|Any CPU.ActiveCfg = Debug|Any CPU
		{688C469D-98C0-43FD-BC22-E3AA2E14367B}.Debug|Any CPU.Build.0 = Debug|Any CPU
		{688C469D-98C0-43FD-BC22-E3AA2E14367B}.Debug|x64.ActiveCfg = Debug|Any CPU
		{688C469D-98C0-43FD-BC22-E3AA2E14367B}.Debug|x64.Build.0 = Debug|Any CPU
		{688C469D-98C0-43FD-BC22-E3AA2E14367B}.Release|Any CPU.ActiveCfg = Release|Any CPU
		{688C469D-98C0-43FD-BC22-E3AA2E14367B}.Release|Any CPU.Build.0 = Release|Any CPU
		{688C469D-98C0-43FD-BC22-E3AA2E14367B}.Release|x64.ActiveCfg = Release|Any CPU
		{688C469D-98C0-43FD-BC22-E3AA2E14367B}.Release|x64.Build.0 = Release|Any CPU
	EndGlobalSection
	GlobalSection(SolutionProperties) = preSolution
		HideSolutionNode = FALSE
	EndGlobalSection
	GlobalSection(NestedProjects) = preSolution
		{D61EF72D-2842-4FE0-ACC9-1462F30DCFA9} = {736A6AC8-5F2B-45B2-B913-7C7A5E732B24}
		{0A283509-0DF3-4D99-84C7-AB62E180B2A1} = {12282BA4-EA2A-4023-BD3E-1825B3C13F1D}
		{688C469D-98C0-43FD-BC22-E3AA2E14367B} = {12282BA4-EA2A-4023-BD3E-1825B3C13F1D}
	EndGlobalSection
	GlobalSection(TestCaseManagementSettings) = postSolution
		CategoryFile = OsmSharp.vsmdi
	EndGlobalSection
	GlobalSection(MonoDevelopProperties) = preSolution
		StartupItem = Osm.Routing.Test\Osm.Routing.Test.csproj
		Policies = $0
		$0.DotNetNamingPolicy = $1
		$1.DirectoryNamespaceAssociation = None
		$1.ResourceNamePolicy = FileFormatDefault
	EndGlobalSection
EndGlobal
